<?xml version="1.0" encoding="utf-8"?>
<Project ToolsVersion="4.0" xmlns="http://schemas.microsoft.com/developer/msbuild/2003">
  <ItemGroup>
    <Filter Include="Source Files">
      <UniqueIdentifier>{4FC737F1-C7A5-4376-A066-2A32D752A2FF}</UniqueIdentifier>
      <Extensions>cpp;c;cc;cxx;c++;cppm;ixx;def;odl;idl;hpj;bat;asm;asmx</Extensions>
    </Filter>
    <Filter Include="Header Files">
      <UniqueIdentifier>{93995380-89BD-4b04-88EB-625FBE52EBFB}</UniqueIdentifier>
      <Extensions>h;hh;hpp;hxx;h++;hm;inl;inc;ipp;xsd</Extensions>
    </Filter>
    <Filter Include="Resource Files">
      <UniqueIdentifier>{67DA6AB6-F800-4c08-8B7A-83BB121AAD01}</UniqueIdentifier>
      <Extensions>rc;ico;cur;bmp;dlg;rc2;rct;bin;rgs;gif;jpg;jpeg;jpe;resx;tiff;tif;png;wav;mfcribbon-ms</Extensions>
    </Filter>
  </ItemGroup>
  <ItemGroup>
    <ClCompile Include="Lab07.cpp">
      <Filter>Source Files</Filter>
    </ClCompile>
    <ClCompile Include="test.cpp">
      <Filter>Source Files</Filter>
    </ClCompile>
    <ClCompile Include="uiDraw.cpp">
      <Filter>Source Files</Filter>
    </ClCompile>
    <ClCompile Include="uiInteract.cpp">
      <Filter>Source Files</Filter>
    </ClCompile>
    <ClCompile Include="position.cpp">
      <Filter>Source Files</Filter>
    </ClCompile>
    <ClCompile Include="game.cpp">
      <Filter>Source Files</Filter>
    </ClCompile>
    <ClCompile Include="body.cpp">
      <Filter>Source Files</Filter>
    </ClCompile>
    <ClCompile Include="collidable.cpp">
      <Filter>Source Files</Filter>
    </ClCompile>
    <ClCompile Include="satellite.cpp">
      <Filter>Source Files</Filter>
    </ClCompile>
    <ClCompile Include="sputnik.cpp">
      <Filter>Source Files</Filter>
    </ClCompile>
    <ClCompile Include="inertia.cpp">
      <Filter>Source Files</Filter>
    </ClCompile>
    <ClCompile Include="testInertia.cpp">
      <Filter>Source Files</Filter>
    </ClCompile>
    <ClCompile Include="angle.cpp">
      <Filter>Source Files</Filter>
    </ClCompile>
    <ClCompile Include="testSatellite.cpp">
      <Filter>Source Files</Filter>
    </ClCompile>
    <ClCompile Include="testSputnik.cpp">
      <Filter>Source Files</Filter>
    </ClCompile>
    <ClCompile Include="chaser.cpp">
      <Filter>Source Files</Filter>
    </ClCompile>
    <ClCompile Include="GPS.cpp">
      <Filter>Source Files</Filter>
    </ClCompile>
    <ClCompile Include="testGPS.cpp">
      <Filter>Source Files</Filter>
    </ClCompile>
    <ClCompile Include="hubble.cpp">
      <Filter>Source Files</Filter>
    </ClCompile>
    <ClCompile Include="testHubble.cpp">
      <Filter>Source Files</Filter>
    </ClCompile>
    <ClCompile Include="dragon.cpp">
      <Filter>Source Files</Filter>
    </ClCompile>
    <ClCompile Include="testDragon.cpp">
      <Filter>Source Files</Filter>
    </ClCompile>
    <ClCompile Include="starlink.cpp">
      <Filter>Source Files</Filter>
    </ClCompile>
    <ClCompile Include="testStarlink.cpp">
      <Filter>Source Files</Filter>
    </ClCompile>
    <ClCompile Include="testChaser.cpp">
      <Filter>Source Files</Filter>
    </ClCompile>
    <ClCompile Include="fragile.cpp">
      <Filter>Source Files</Filter>
    </ClCompile>
    <ClCompile Include="fragment.cpp">
      <Filter>Source Files</Filter>
    </ClCompile>
    <ClCompile Include="projectile.cpp">
      <Filter>Source Files</Filter>
    </ClCompile>
    <ClCompile Include="GPSCenter.cpp">
      <Filter>Source Files</Filter>
    </ClCompile>
    <ClCompile Include="GPSLeft.cpp">
      <Filter>Source Files</Filter>
    </ClCompile>
    <ClCompile Include="GPSRight.cpp">
      <Filter>Source Files</Filter>
    </ClCompile>
    <ClCompile Include="HubbleLeft.cpp">
      <Filter>Source Files</Filter>
    </ClCompile>
    <ClCompile Include="HubbleRight.cpp">
      <Filter>Source Files</Filter>
    </ClCompile>
    <ClCompile Include="HubbleScope.cpp">
      <Filter>Source Files</Filter>
    </ClCompile>
    <ClCompile Include="HubbleComputer.cpp">
      <Filter>Source Files</Filter>
    </ClCompile>
    <ClCompile Include="DragonLeft.cpp">
      <Filter>Source Files</Filter>
    </ClCompile>
    <ClCompile Include="DragonRight.cpp">
      <Filter>Source Files</Filter>
    </ClCompile>
    <ClCompile Include="DragonCenter.cpp">
      <Filter>Source Files</Filter>
    </ClCompile>
    <ClCompile Include="starlinkArray.cpp">
      <Filter>Source Files</Filter>
    </ClCompile>
    <ClCompile Include="starlinkBody.cpp">
      <Filter>Source Files</Filter>
    </ClCompile>
  </ItemGroup>
  <ItemGroup>
    <ClInclude Include="test.h">
      <Filter>Header Files</Filter>
    </ClInclude>
    <ClInclude Include="testPosition.h">
      <Filter>Header Files</Filter>
    </ClInclude>
    <ClInclude Include="uiDraw.h">
      <Filter>Header Files</Filter>
    </ClInclude>
    <ClInclude Include="uiInteract.h">
      <Filter>Header Files</Filter>
    </ClInclude>
    <ClInclude Include="position.h">
      <Filter>Header Files</Filter>
    </ClInclude>
    <ClInclude Include="unitTest.h">
      <Filter>Header Files</Filter>
    </ClInclude>
    <ClInclude Include="game.h">
      <Filter>Header Files</Filter>
    </ClInclude>
    <ClInclude Include="body.h">
      <Filter>Header Files</Filter>
    </ClInclude>
    <ClInclude Include="collidable.h">
      <Filter>Header Files</Filter>
    </ClInclude>
    <ClInclude Include="satellite.h">
      <Filter>Header Files</Filter>
    </ClInclude>
    <ClInclude Include="sputnik.h">
      <Filter>Header Files</Filter>
    </ClInclude>
    <ClInclude Include="inertia.h">
      <Filter>Header Files</Filter>
    </ClInclude>
    <ClInclude Include="testInertia.h">
      <Filter>Header Files</Filter>
    </ClInclude>
    <ClInclude Include="angle.h">
      <Filter>Header Files</Filter>
    </ClInclude>
    <ClInclude Include="testSatellite.h">
      <Filter>Header Files</Filter>
    </ClInclude>
    <ClInclude Include="testSputnik.h">
      <Filter>Header Files</Filter>
    </ClInclude>
    <ClInclude Include="testBody.h">
      <Filter>Header Files</Filter>
    </ClInclude>
    <ClInclude Include="testCollidable.h">
      <Filter>Header Files</Filter>
    </ClInclude>
    <ClInclude Include="chaser.h">
      <Filter>Header Files</Filter>
    </ClInclude>
    <ClInclude Include="GPS.h">
      <Filter>Header Files</Filter>
    </ClInclude>
    <ClInclude Include="testGPS.h">
      <Filter>Header Files</Filter>
    </ClInclude>
    <ClInclude Include="hubble.h">
      <Filter>Header Files</Filter>
    </ClInclude>
    <ClInclude Include="testHubble.h">
      <Filter>Header Files</Filter>
    </ClInclude>
    <ClInclude Include="dragon.h">
      <Filter>Header Files</Filter>
    </ClInclude>
    <ClInclude Include="testDragon.h">
      <Filter>Header Files</Filter>
    </ClInclude>
    <ClInclude Include="starlink.h">
      <Filter>Header Files</Filter>
    </ClInclude>
    <ClInclude Include="testStarlink.h">
      <Filter>Header Files</Filter>
    </ClInclude>
    <ClInclude Include="testChaser.h">
      <Filter>Header Files</Filter>
    </ClInclude>
    <ClInclude Include="fragile.h">
      <Filter>Header Files</Filter>
    </ClInclude>
    <ClInclude Include="fragment.h">
      <Filter>Header Files</Filter>
    </ClInclude>
    <ClInclude Include="projectile.h">
      <Filter>Header Files</Filter>
    </ClInclude>
    <ClInclude Include="GPSCenter.h">
      <Filter>Header Files</Filter>
    </ClInclude>
    <ClInclude Include="GPSLeft.h">
      <Filter>Header Files</Filter>
    </ClInclude>
    <ClInclude Include="GPSRight.h">
      <Filter>Header Files</Filter>
    </ClInclude>
    <ClInclude Include="HubbleScope.h">
      <Filter>Header Files</Filter>
    </ClInclude>
    <ClInclude Include="HubbleComputer.h">
      <Filter>Header Files</Filter>
    </ClInclude>
    <ClInclude Include="HubbleLeft.h">
      <Filter>Header Files</Filter>
    </ClInclude>
    <ClInclude Include="HubbleRight.h">
      <Filter>Header Files</Filter>
    </ClInclude>
    <ClInclude Include="DragonLeft.h">
      <Filter>Header Files</Filter>
    </ClInclude>
    <ClInclude Include="DragonRight.h">
      <Filter>Header Files</Filter>
    </ClInclude>
    <ClInclude Include="DragonCenter.h">
      <Filter>Header Files</Filter>
    </ClInclude>
    <ClInclude Include="starlinkBody.h">
      <Filter>Header Files</Filter>
    </ClInclude>
    <ClInclude Include="starlinkArray.h">
      <Filter>Header Files</Filter>
    </ClInclude>
  </ItemGroup>
  <ItemGroup>
    <None Include="packages.config" />
  </ItemGroup>
</Project>